# Generated by pub
# See https://dart.dev/tools/pub/glossary#lockfile
packages:
  string_tools:
    dependency: "direct main"
    description:
      path: "."
      ref: dev
      resolved-ref: "2e609d8d8b6b6e2e1f817079b3e731fbb457cc62"
      url: "https://github.com/thomasberge/string_tools"
    source: git
    version: "2.0.0"
sdks:
  dart: ">=2.12.0 <3.0.0"
