# Generated by pub
# See https://dart.dev/tools/pub/glossary#lockfile
packages:
  string_tools:
    dependency: "direct main"
    description:
      path: "."
      ref: dev
      resolved-ref: "9211c38f5fc06159aacb0998853f174ee60afc43"
      url: "https://github.com/thomasberge/string_tools"
    source: git
    version: "2.0.0"
sdks:
  dart: ">=2.12.0 <3.0.0"
