# Generated by pub
# See https://dart.dev/tools/pub/glossary#lockfile
packages:
  string_tools:
    dependency: "direct main"
    description:
      path: "."
      ref: dev
      resolved-ref: "64a191e15602d7a1db0a4e887cb290acf9bf4b20"
      url: "https://github.com/thomasberge/string_tools"
    source: git
    version: "2.0.0"
sdks:
  dart: ">=2.12.0 <3.0.0"
